<Solution>
  <Project Path="UserManagement.API/UserManagement.API.csproj" />
  <Project Path="UserManagement.Application/UserManagement.Application.csproj" />
  <Project Path="UserManagement.Core/UserManagement.Core.csproj" />
  <Project Path="UserManagement.Infrastructure/UserManagement.Infrastructure.csproj" />
</Solution>
